
Microsoft Visual Studio Solution File, Format Version 12.00
Project("{2150E333-8FDC-42A3-9474-1A3956D46DE8}") = "src", "src", "{671C6E44-44BA-4FBE-A66F-7F7F3F2FE449}"
EndProject
Project("{FAE04EC0-301F-11D3-BF4B-00C04F79EFBC}") = "Storfiler", "src\Storfiler\Storfiler.csproj", "{9F0F9917-FCA4-4EEB-B90E-5DF10AFD6D08}"
EndProject
Project("{FAE04EC0-301F-11D3-BF4B-00C04F79EFBC}") = "Storfiler.AspNetCore", "src\Storfiler.AspNetCore\Storfiler.AspNetCore.csproj", "{599E75FC-0FAB-4381-A803-5DDC078B40FC}"
EndProject
Global
	GlobalSection(SolutionConfigurationPlatforms) = preSolution
		Debug|Any CPU = Debug|Any CPU
		Release|Any CPU = Release|Any CPU
	EndGlobalSection
	GlobalSection(NestedProjects) = preSolution
		{9F0F9917-FCA4-4EEB-B90E-5DF10AFD6D08} = {671C6E44-44BA-4FBE-A66F-7F7F3F2FE449}
		{599E75FC-0FAB-4381-A803-5DDC078B40FC} = {671C6E44-44BA-4FBE-A66F-7F7F3F2FE449}
	EndGlobalSection
	GlobalSection(ProjectConfigurationPlatforms) = postSolution
		{9F0F9917-FCA4-4EEB-B90E-5DF10AFD6D08}.Debug|Any CPU.ActiveCfg = Debug|Any CPU
		{9F0F9917-FCA4-4EEB-B90E-5DF10AFD6D08}.Debug|Any CPU.Build.0 = Debug|Any CPU
		{9F0F9917-FCA4-4EEB-B90E-5DF10AFD6D08}.Release|Any CPU.ActiveCfg = Release|Any CPU
		{9F0F9917-FCA4-4EEB-B90E-5DF10AFD6D08}.Release|Any CPU.Build.0 = Release|Any CPU
		{599E75FC-0FAB-4381-A803-5DDC078B40FC}.Debug|Any CPU.ActiveCfg = Debug|Any CPU
		{599E75FC-0FAB-4381-A803-5DDC078B40FC}.Debug|Any CPU.Build.0 = Debug|Any CPU
		{599E75FC-0FAB-4381-A803-5DDC078B40FC}.Release|Any CPU.ActiveCfg = Release|Any CPU
		{599E75FC-0FAB-4381-A803-5DDC078B40FC}.Release|Any CPU.Build.0 = Release|Any CPU
	EndGlobalSection
EndGlobal
